<?xml version="1.0" encoding="utf-8"?>
<Project ToolsVersion="4.0" xmlns="http://schemas.microsoft.com/developer/msbuild/2003">
  <ItemGroup>
    <Filter Include="Source Files">
      <UniqueIdentifier>{4FC737F1-C7A5-4376-A066-2A32D752A2FF}</UniqueIdentifier>
      <Extensions>cpp;c;cc;cxx;def;odl;idl;hpj;bat;asm;asmx</Extensions>
    </Filter>
    <Filter Include="Header Files">
      <UniqueIdentifier>{93995380-89BD-4b04-88EB-625FBE52EBFB}</UniqueIdentifier>
      <Extensions>h;hpp;hxx;hm;inl;inc;xsd</Extensions>
    </Filter>
    <Filter Include="Resource Files">
      <UniqueIdentifier>{67DA6AB6-F800-4c08-8B7A-83BB121AAD01}</UniqueIdentifier>
      <Extensions>rc;ico;cur;bmp;dlg;rc2;rct;bin;rgs;gif;jpg;jpeg;jpe;resx;tiff;tif;png;wav;mfcribbon-ms</Extensions>
    </Filter>
  </ItemGroup>
  <ItemGroup>
    <ClInclude Include="octree.h">
      <Filter>Header Files</Filter>
    </ClInclude>
    <ClInclude Include="aabb.h">
      <Filter>Header Files</Filter>
    </ClInclude>
    <ClInclude Include="path.h">
      <Filter>Header Files</Filter>
    </ClInclude>
    <ClInclude Include="geometry.h">
      <Filter>Header Files</Filter>
    </ClInclude>
    <ClInclude Include="camera.h">
      <Filter>Header Files</Filter>
    </ClInclude>
    <ClInclude Include="color.h">
      <Filter>Header Files</Filter>
    </ClInclude>
    <ClInclude Include="mathUtils.h">
      <Filter>Header Files</Filter>
    </ClInclude>
    <ClInclude Include="shader.h">
      <Filter>Header Files</Filter>
    </ClInclude>
    <ClInclude Include="texture.h">
      <Filter>Header Files</Filter>
    </ClInclude>
    <ClInclude Include="vertex.h">
      <Filter>Header Files</Filter>
    </ClInclude>
    <ClInclude Include="testMesh.h">
      <Filter>Header Files</Filter>
    </ClInclude>
    <ClInclude Include="console.h">
      <Filter>Header Files</Filter>
    </ClInclude>
    <ClInclude Include="stopwatch.h">
      <Filter>Header Files</Filter>
    </ClInclude>
    <ClInclude Include="material.h">
      <Filter>Header Files</Filter>
    </ClInclude>
    <ClInclude Include="font.h">
      <Filter>Header Files</Filter>
    </ClInclude>
    <ClInclude Include="textureAddress.h">
      <Filter>Header Files</Filter>
    </ClInclude>
    <ClInclude Include="textureContainer.h">
      <Filter>Header Files</Filter>
    </ClInclude>
    <ClInclude Include="texturesManager.h">
      <Filter>Header Files</Filter>
    </ClInclude>
    <ClInclude Include="types.h">
      <Filter>Header Files</Filter>
    </ClInclude>
    <ClInclude Include="buffer.h">
      <Filter>Header Files</Filter>
    </ClInclude>
    <ClInclude Include="vertexBuffer.h">
      <Filter>Header Files</Filter>
    </ClInclude>
    <ClInclude Include="application.h">
      <Filter>Header Files</Filter>
    </ClInclude>
    <ClInclude Include="window.h">
      <Filter>Header Files</Filter>
    </ClInclude>
    <ClInclude Include="eventArgs.h">
      <Filter>Header Files</Filter>
    </ClInclude>
    <ClInclude Include="eventHandler.h">
      <Filter>Header Files</Filter>
    </ClInclude>
    <ClInclude Include="eventSender.h">
      <Filter>Header Files</Filter>
    </ClInclude>
    <ClInclude Include="input.h">
      <Filter>Header Files</Filter>
    </ClInclude>
    <ClInclude Include="keyboardEventArgs.h">
      <Filter>Header Files</Filter>
    </ClInclude>
    <ClInclude Include="keyboardEventHandler.h">
      <Filter>Header Files</Filter>
    </ClInclude>
    <ClInclude Include="keycode.h">
      <Filter>Header Files</Filter>
    </ClInclude>
    <ClInclude Include="mouseEventArgs.h">
      <Filter>Header Files</Filter>
    </ClInclude>
    <ClInclude Include="mouseEventHandler.h">
      <Filter>Header Files</Filter>
    </ClInclude>
    <ClInclude Include="scancode.h">
      <Filter>Header Files</Filter>
    </ClInclude>
    <ClInclude Include="guid.h">
      <Filter>Header Files</Filter>
    </ClInclude>
    <ClInclude Include="screen.h">
      <Filter>Header Files</Filter>
    </ClInclude>
    <ClInclude Include="time.h">
      <Filter>Header Files</Filter>
    </ClInclude>
    <ClInclude Include="glyphNode.h">
      <Filter>Header Files</Filter>
    </ClInclude>
    <ClInclude Include="glyph.h">
      <Filter>Header Files</Filter>
    </ClInclude>
    <ClInclude Include="rectangle.h">
      <Filter>Header Files</Filter>
    </ClInclude>
    <ClInclude Include="frameBuffer.h">
      <Filter>Header Files</Filter>
    </ClInclude>
    <ClInclude Include="renderTarget.h">
      <Filter>Header Files</Filter>
    </ClInclude>
  </ItemGroup>
  <ItemGroup>
    <ClCompile Include="octree.cpp">
      <Filter>Source Files</Filter>
    </ClCompile>
    <ClCompile Include="aabb.cpp">
      <Filter>Source Files</Filter>
    </ClCompile>
    <ClCompile Include="path.cpp">
      <Filter>Source Files</Filter>
    </ClCompile>
    <ClCompile Include="geometry.cpp">
      <Filter>Source Files</Filter>
    </ClCompile>
    <ClCompile Include="camera.cpp">
      <Filter>Source Files</Filter>
    </ClCompile>
    <ClCompile Include="mathUtils.cpp">
      <Filter>Source Files</Filter>
    </ClCompile>
    <ClCompile Include="shader.cpp">
      <Filter>Source Files</Filter>
    </ClCompile>
    <ClCompile Include="vertex.cpp">
      <Filter>Source Files</Filter>
    </ClCompile>
    <ClCompile Include="console.cpp">
      <Filter>Source Files</Filter>
    </ClCompile>
    <ClCompile Include="stopwatch.cpp">
      <Filter>Source Files</Filter>
    </ClCompile>
    <ClCompile Include="font.cpp">
      <Filter>Source Files</Filter>
    </ClCompile>
    <ClCompile Include="textureContainer.cpp">
      <Filter>Source Files</Filter>
    </ClCompile>
    <ClCompile Include="texturesManager.cpp">
      <Filter>Source Files</Filter>
    </ClCompile>
    <ClCompile Include="buffer.cpp">
      <Filter>Source Files</Filter>
    </ClCompile>
    <ClCompile Include="vertexBuffer.cpp">
      <Filter>Source Files</Filter>
    </ClCompile>
    <ClCompile Include="application.cpp">
      <Filter>Source Files</Filter>
    </ClCompile>
    <ClCompile Include="window.cpp">
      <Filter>Source Files</Filter>
    </ClCompile>
    <ClCompile Include="window_win64.cpp">
      <Filter>Source Files</Filter>
    </ClCompile>
    <ClCompile Include="guid.cpp">
      <Filter>Source Files</Filter>
    </ClCompile>
    <ClCompile Include="guid_win64.cpp">
      <Filter>Source Files</Filter>
    </ClCompile>
    <ClCompile Include="input.cpp">
      <Filter>Source Files</Filter>
    </ClCompile>
    <ClCompile Include="screen.cpp">
      <Filter>Source Files</Filter>
    </ClCompile>
    <ClCompile Include="main.cpp">
      <Filter>Source Files</Filter>
    </ClCompile>
    <ClCompile Include="time.cpp">
      <Filter>Source Files</Filter>
    </ClCompile>
    <ClCompile Include="glyphNode.cpp">
      <Filter>Source Files</Filter>
    </ClCompile>
    <ClCompile Include="frameBuffer.cpp">
      <Filter>Source Files</Filter>
    </ClCompile>
  </ItemGroup>
  <ItemGroup>
    <None Include="shader.frag">
      <Filter>Resource Files</Filter>
    </None>
    <None Include="shader.vert">
      <Filter>Resource Files</Filter>
    </None>
    <None Include="glass.vert">
      <Filter>Resource Files</Filter>
    </None>
    <None Include="glass.frag">
      <Filter>Resource Files</Filter>
    </None>
    <None Include="blurH.frag">
      <Filter>Resource Files</Filter>
    </None>
    <None Include="blurH.vert">
      <Filter>Resource Files</Filter>
    </None>
    <None Include="blurV.frag">
      <Filter>Resource Files</Filter>
    </None>
    <None Include="blurV.vert">
      <Filter>Resource Files</Filter>
    </None>
    <None Include="screen.frag">
      <Filter>Resource Files</Filter>
    </None>
    <None Include="screen.vert">
      <Filter>Resource Files</Filter>
    </None>
  </ItemGroup>
</Project>